PODS:
  - Bond (4.3.1)
  - Interstellar (1.4.0):
    - Interstellar/Core (= 1.4.0)
    - Interstellar/Warpdrive (= 1.4.0)
  - Interstellar/Core (1.4.0)
  - Interstellar/Warpdrive (1.4.0):
    - Interstellar/Core
  - ReactiveCocoa (4.1.0):
    - ReactiveCocoa/UI (= 4.1.0)
    - Result (~> 2.0)
  - ReactiveCocoa/Core (4.1.0):
    - ReactiveCocoa/no-arc
    - Result (~> 2.0)
  - ReactiveCocoa/no-arc (4.1.0):
    - Result (~> 2.0)
  - ReactiveCocoa/UI (4.1.0):
    - ReactiveCocoa/Core
    - Result (~> 2.0)
  - Result (2.0.0)
  - RxSwift (2.4)

DEPENDENCIES:
  - Bond
  - Interstellar
  - ReactiveCocoa
  - RxSwift

SPEC CHECKSUMS:
  Bond: 55903fc67f09e8e49791a657163cabba1d6fb29d
  Interstellar: 40fc666872436d6c1b3524c59437ebdb5dec1c6a
  ReactiveCocoa: d70004d7a366a7b8e87e60ce2347182c77701949
  Result: 9e75e1111c774c6ac594e14907b15057053a7959
  RxSwift: 67b9ef4e8b34fb394e200e754c6a09cc16559f94

COCOAPODS: 0.39.0
